<?xml version="1.0" encoding="utf-8"?>
<Project ToolsVersion="4.0" xmlns="http://schemas.microsoft.com/developer/msbuild/2003">
  <ItemGroup>
    <Filter Include="src">
      <UniqueIdentifier>{1866b2d9-6a84-4a13-a0fd-3be0c0c5ed10}</UniqueIdentifier>
    </Filter>
    <Filter Include="inc">
      <UniqueIdentifier>{a964fe40-1500-4caa-8e8f-7a93616c7578}</UniqueIdentifier>
    </Filter>
  </ItemGroup>
  <ItemGroup>
    <ClCompile Include="..\src\Example.c">
      <Filter>src</Filter>
    </ClCompile>
    <ClCompile Include="..\src\MyStrStr.c">
      <Filter>src</Filter>
    </ClCompile>
  </ItemGroup>
  <ItemGroup>
    <ClInclude Include="..\include\mystrstr.h">
      <Filter>inc</Filter>
    </ClInclude>
  </ItemGroup>
</Project>